
Microsoft Visual Studio Solution File, Format Version 12.00
# Visual Studio Version 16
VisualStudioVersion = 16.0.30621.155
MinimumVisualStudioVersion = 10.0.40219.1
Project("{FAE04EC0-301F-11D3-BF4B-00C04F79EFBC}") = "23.05. 2022", "23.05. 2022\23.05. 2022.csproj", "{537F5513-9377-4BB2-8973-30482EAF1E6B}"
EndProject
Global
	GlobalSection(SolutionConfigurationPlatforms) = preSolution
		Debug|Any CPU = Debug|Any CPU
		Release|Any CPU = Release|Any CPU
	EndGlobalSection
	GlobalSection(ProjectConfigurationPlatforms) = postSolution
		{537F5513-9377-4BB2-8973-30482EAF1E6B}.Debug|Any CPU.ActiveCfg = Debug|Any CPU
		{537F5513-9377-4BB2-8973-30482EAF1E6B}.Debug|Any CPU.Build.0 = Debug|Any CPU
		{537F5513-9377-4BB2-8973-30482EAF1E6B}.Release|Any CPU.ActiveCfg = Release|Any CPU
		{537F5513-9377-4BB2-8973-30482EAF1E6B}.Release|Any CPU.Build.0 = Release|Any CPU
	EndGlobalSection
	GlobalSection(SolutionProperties) = preSolution
		HideSolutionNode = FALSE
	EndGlobalSection
	GlobalSection(ExtensibilityGlobals) = postSolution
		SolutionGuid = {37428C8B-EF2B-4CF9-87E8-30D1A5E0043A}
	EndGlobalSection
EndGlobal
